{
  "name": "innosetup",
  "version": "6.4.1",
  "lockfileVersion": 3,
  "requires": true,
  "packages": {
    "": {
      "name": "innosetup",
      "version": "6.4.1",
      "bin": {
        "innosetup-compiler": "lib/iscc"
      },
      "engines": {
        "node": ">= 0.8.0"
      }
    }
  }
}
